// !$*UTF8*$!
{
	archiveVersion = 1;
	classes = {
	};
	objectVersion = 52;
	objects = {

/* Begin PBXBuildFile section */
		4102BB6026150E93008B11DF /* ObjectiveCFramework.xcframework in Frameworks */ = {isa = PBXBuildFile; fileRef = 4102BB5F26150E93008B11DF /* ObjectiveCFramework.xcframework */; };
		4102BB6126150E93008B11DF /* ObjectiveCFramework.xcframework in Embed Frameworks */ = {isa = PBXBuildFile; fileRef = 4102BB5F26150E93008B11DF /* ObjectiveCFramework.xcframework */; settings = {ATTRIBUTES = (CodeSignOnCopy, RemoveHeadersOnCopy, ); }; };
		41ADD0BF26140DC500B19233 /* AppDelegate.m in Sources */ = {isa = PBXBuildFile; fileRef = 41ADD0BE26140DC500B19233 /* AppDelegate.m */; };
		41ADD0C226140DC500B19233 /* SceneDelegate.m in Sources */ = {isa = PBXBuildFile; fileRef = 41ADD0C126140DC500B19233 /* SceneDelegate.m */; };
		41ADD0C526140DC500B19233 /* ViewController.m in Sources */ = {isa = PBXBuildFile; fileRef = 41ADD0C426140DC500B19233 /* ViewController.m */; };
		41ADD0C826140DC500B19233 /* Main.storyboard in Resources */ = {isa = PBXBuildFile; fileRef = 41ADD0C626140DC500B19233 /* Main.storyboard */; };
		41ADD0CA26140DC600B19233 /* Assets.xcassets in Resources */ = {isa = PBXBuildFile; fileRef = 41ADD0C926140DC600B19233 /* Assets.xcassets */; };
		41ADD0CD26140DC600B19233 /* LaunchScreen.storyboard in Resources */ = {isa = PBXBuildFile; fileRef = 41ADD0CB26140DC600B19233 /* LaunchScreen.storyboard */; };
		41ADD0D026140DC600B19233 /* main.m in Sources */ = {isa = PBXBuildFile; fileRef = 41ADD0CF26140DC600B19233 /* main.m */; };
		41ADD0DA26140DC600B19233 /* ObjectiveCProjectTests.m in Sources */ = {isa = PBXBuildFile; fileRef = 41ADD0D926140DC600B19233 /* ObjectiveCProjectTests.m */; };
		41ADD0E526140DC600B19233 /* ObjectiveCProjectUITests.m in Sources */ = {isa = PBXBuildFile; fileRef = 41ADD0E426140DC600B19233 /* ObjectiveCProjectUITests.m */; };
/* End PBXBuildFile section */

/* Begin PBXContainerItemProxy section */
		41ADD0D626140DC600B19233 /* PBXContainerItemProxy */ = {
			isa = PBXContainerItemProxy;
			containerPortal = 41ADD0B226140DC500B19233 /* Project object */;
			proxyType = 1;
			remoteGlobalIDString = 41ADD0B926140DC500B19233;
			remoteInfo = ObjectiveCProject;
		};
		41ADD0E126140DC600B19233 /* PBXContainerItemProxy */ = {
			isa = PBXContainerItemProxy;
			containerPortal = 41ADD0B226140DC500B19233 /* Project object */;
			proxyType = 1;
			remoteGlobalIDString = 41ADD0B926140DC500B19233;
			remoteInfo = ObjectiveCProject;
		};
/* End PBXContainerItemProxy section */

/* Begin PBXCopyFilesBuildPhase section */
		411A5904261458E700333C93 /* Embed Frameworks */ = {
			isa = PBXCopyFilesBuildPhase;
			buildActionMask = 2147483647;
			dstPath = "";
			dstSubfolderSpec = 10;
			files = (
				4102BB6126150E93008B11DF /* ObjectiveCFramework.xcframework in Embed Frameworks */,
			);
			name = "Embed Frameworks";
			runOnlyForDeploymentPostprocessing = 0;
		};
/* End PBXCopyFilesBuildPhase section */

/* Begin PBXFileReference section */
		4102BB5F26150E93008B11DF /* ObjectiveCFramework.xcframework */ = {isa = PBXFileReference; lastKnownFileType = wrapper.xcframework; name = ObjectiveCFramework.xcframework; path = ../archives/ObjectiveCFramework.xcframework; sourceTree = "<group>"; };
		411A58F92614567300333C93 /* ObjectiveCFramework.xcframework */ = {isa = PBXFileReference; lastKnownFileType = wrapper.xcframework; name = ObjectiveCFramework.xcframework; path = ../ObjectiveCFramework.xcframework; sourceTree = "<group>"; };
		41ADD0BA26140DC500B19233 /* ObjectiveCProject.app */ = {isa = PBXFileReference; explicitFileType = wrapper.application; includeInIndex = 0; path = ObjectiveCProject.app; sourceTree = BUILT_PRODUCTS_DIR; };
		41ADD0BD26140DC500B19233 /* AppDelegate.h */ = {isa = PBXFileReference; lastKnownFileType = sourcecode.c.h; path = AppDelegate.h; sourceTree = "<group>"; };
		41ADD0BE26140DC500B19233 /* AppDelegate.m */ = {isa = PBXFileReference; lastKnownFileType = sourcecode.c.objc; path = AppDelegate.m; sourceTree = "<group>"; };
		41ADD0C026140DC500B19233 /* SceneDelegate.h */ = {isa = PBXFileReference; lastKnownFileType = sourcecode.c.h; path = SceneDelegate.h; sourceTree = "<group>"; };
		41ADD0C126140DC500B19233 /* SceneDelegate.m */ = {isa = PBXFileReference; lastKnownFileType = sourcecode.c.objc; path = SceneDelegate.m; sourceTree = "<group>"; };
		41ADD0C326140DC500B19233 /* ViewController.h */ = {isa = PBXFileReference; lastKnownFileType = sourcecode.c.h; path = ViewController.h; sourceTree = "<group>"; };
		41ADD0C426140DC500B19233 /* ViewController.m */ = {isa = PBXFileReference; lastKnownFileType = sourcecode.c.objc; path = ViewController.m; sourceTree = "<group>"; };
		41ADD0C726140DC500B19233 /* Base */ = {isa = PBXFileReference; lastKnownFileType = file.storyboard; name = Base; path = Base.lproj/Main.storyboard; sourceTree = "<group>"; };
		41ADD0C926140DC600B19233 /* Assets.xcassets */ = {isa = PBXFileReference; lastKnownFileType = folder.assetcatalog; path = Assets.xcassets; sourceTree = "<group>"; };
		41ADD0CC26140DC600B19233 /* Base */ = {isa = PBXFileReference; lastKnownFileType = file.storyboard; name = Base; path = Base.lproj/LaunchScreen.storyboard; sourceTree = "<group>"; };
		41ADD0CE26140DC600B19233 /* Info.plist */ = {isa = PBXFileReference; lastKnownFileType = text.plist.xml; path = Info.plist; sourceTree = "<group>"; };
		41ADD0CF26140DC600B19233 /* main.m */ = {isa = PBXFileReference; lastKnownFileType = sourcecode.c.objc; path = main.m; sourceTree = "<group>"; };
		41ADD0D526140DC600B19233 /* ObjectiveCProjectTests.xctest */ = {isa = PBXFileReference; explicitFileType = wrapper.cfbundle; includeInIndex = 0; path = ObjectiveCProjectTests.xctest; sourceTree = BUILT_PRODUCTS_DIR; };
		41ADD0D926140DC600B19233 /* ObjectiveCProjectTests.m */ = {isa = PBXFileReference; lastKnownFileType = sourcecode.c.objc; path = ObjectiveCProjectTests.m; sourceTree = "<group>"; };
		41ADD0DB26140DC600B19233 /* Info.plist */ = {isa = PBXFileReference; lastKnownFileType = text.plist.xml; path = Info.plist; sourceTree = "<group>"; };
		41ADD0E026140DC600B19233 /* ObjectiveCProjectUITests.xctest */ = {isa = PBXFileReference; explicitFileType = wrapper.cfbundle; includeInIndex = 0; path = ObjectiveCProjectUITests.xctest; sourceTree = BUILT_PRODUCTS_DIR; };
		41ADD0E426140DC600B19233 /* ObjectiveCProjectUITests.m */ = {isa = PBXFileReference; lastKnownFileType = sourcecode.c.objc; path = ObjectiveCProjectUITests.m; sourceTree = "<group>"; };
		41ADD0E626140DC600B19233 /* Info.plist */ = {isa = PBXFileReference; lastKnownFileType = text.plist.xml; path = Info.plist; sourceTree = "<group>"; };
		41ADD10726140E3500B19233 /* ObjectiveCFramework.framework */ = {isa = PBXFileReference; explicitFileType = wrapper.framework; path = ObjectiveCFramework.framework; sourceTree = BUILT_PRODUCTS_DIR; };
/* End PBXFileReference section */

/* Begin PBXFrameworksBuildPhase section */
		41ADD0B726140DC500B19233 /* Frameworks */ = {
			isa = PBXFrameworksBuildPhase;
			buildActionMask = 2147483647;
			files = (
				4102BB6026150E93008B11DF /* ObjectiveCFramework.xcframework in Frameworks */,
			);
			runOnlyForDeploymentPostprocessing = 0;
		};
		41ADD0D226140DC600B19233 /* Frameworks */ = {
			isa = PBXFrameworksBuildPhase;
			buildActionMask = 2147483647;
			files = (
			);
			runOnlyForDeploymentPostprocessing = 0;
		};
		41ADD0DD26140DC600B19233 /* Frameworks */ = {
			isa = PBXFrameworksBuildPhase;
			buildActionMask = 2147483647;
			files = (
			);
			runOnlyForDeploymentPostprocessing = 0;
		};
/* End PBXFrameworksBuildPhase section */

/* Begin PBXGroup section */
		41ADD0B126140DC500B19233 = {
			isa = PBXGroup;
			children = (
				41ADD0BC26140DC500B19233 /* ObjectiveCProject */,
				41ADD0D826140DC600B19233 /* ObjectiveCProjectTests */,
				41ADD0E326140DC600B19233 /* ObjectiveCProjectUITests */,
				41ADD0BB26140DC500B19233 /* Products */,
				41ADD10626140E3500B19233 /* Frameworks */,
			);
			sourceTree = "<group>";
		};
		41ADD0BB26140DC500B19233 /* Products */ = {
			isa = PBXGroup;
			children = (
				41ADD0BA26140DC500B19233 /* ObjectiveCProject.app */,
				41ADD0D526140DC600B19233 /* ObjectiveCProjectTests.xctest */,
				41ADD0E026140DC600B19233 /* ObjectiveCProjectUITests.xctest */,
			);
			name = Products;
			sourceTree = "<group>";
		};
		41ADD0BC26140DC500B19233 /* ObjectiveCProject */ = {
			isa = PBXGroup;
			children = (
				41ADD0BD26140DC500B19233 /* AppDelegate.h */,
				41ADD0BE26140DC500B19233 /* AppDelegate.m */,
				41ADD0C026140DC500B19233 /* SceneDelegate.h */,
				41ADD0C126140DC500B19233 /* SceneDelegate.m */,
				41ADD0C326140DC500B19233 /* ViewController.h */,
				41ADD0C426140DC500B19233 /* ViewController.m */,
				41ADD0C626140DC500B19233 /* Main.storyboard */,
				41ADD0C926140DC600B19233 /* Assets.xcassets */,
				41ADD0CB26140DC600B19233 /* LaunchScreen.storyboard */,
				41ADD0CE26140DC600B19233 /* Info.plist */,
				41ADD0CF26140DC600B19233 /* main.m */,
			);
			path = ObjectiveCProject;
			sourceTree = "<group>";
		};
		41ADD0D826140DC600B19233 /* ObjectiveCProjectTests */ = {
			isa = PBXGroup;
			children = (
				41ADD0D926140DC600B19233 /* ObjectiveCProjectTests.m */,
				41ADD0DB26140DC600B19233 /* Info.plist */,
			);
			path = ObjectiveCProjectTests;
			sourceTree = "<group>";
		};
		41ADD0E326140DC600B19233 /* ObjectiveCProjectUITests */ = {
			isa = PBXGroup;
			children = (
				41ADD0E426140DC600B19233 /* ObjectiveCProjectUITests.m */,
				41ADD0E626140DC600B19233 /* Info.plist */,
			);
			path = ObjectiveCProjectUITests;
			sourceTree = "<group>";
		};
		41ADD10626140E3500B19233 /* Frameworks */ = {
			isa = PBXGroup;
			children = (
				411A58F92614567300333C93 /* ObjectiveCFramework.xcframework */,
				4102BB5F26150E93008B11DF /* ObjectiveCFramework.xcframework */,
				41ADD10726140E3500B19233 /* ObjectiveCFramework.framework */,
			);
			name = Frameworks;
			sourceTree = "<group>";
		};
/* End PBXGroup section */

/* Begin PBXNativeTarget section */
		41ADD0B926140DC500B19233 /* ObjectiveCProject */ = {
			isa = PBXNativeTarget;
			buildConfigurationList = 41ADD0E926140DC600B19233 /* Build configuration list for PBXNativeTarget "ObjectiveCProject" */;
			buildPhases = (
				41ADD0B626140DC500B19233 /* Sources */,
				41ADD0B726140DC500B19233 /* Frameworks */,
				41ADD0B826140DC500B19233 /* Resources */,
				411A5904261458E700333C93 /* Embed Frameworks */,
			);
			buildRules = (
			);
			dependencies = (
			);
			name = ObjectiveCProject;
			productName = ObjectiveCProject;
			productReference = 41ADD0BA26140DC500B19233 /* ObjectiveCProject.app */;
			productType = "com.apple.product-type.application";
		};
		41ADD0D426140DC600B19233 /* ObjectiveCProjectTests */ = {
			isa = PBXNativeTarget;
			buildConfigurationList = 41ADD0EC26140DC600B19233 /* Build configuration list for PBXNativeTarget "ObjectiveCProjectTests" */;
			buildPhases = (
				41ADD0D126140DC600B19233 /* Sources */,
				41ADD0D226140DC600B19233 /* Frameworks */,
				41ADD0D326140DC600B19233 /* Resources */,
			);
			buildRules = (
			);
			dependencies = (
				41ADD0D726140DC600B19233 /* PBXTargetDependency */,
			);
			name = ObjectiveCProjectTests;
			productName = ObjectiveCProjectTests;
			productReference = 41ADD0D526140DC600B19233 /* ObjectiveCProjectTests.xctest */;
			productType = "com.apple.product-type.bundle.unit-test";
		};
		41ADD0DF26140DC600B19233 /* ObjectiveCProjectUITests */ = {
			isa = PBXNativeTarget;
			buildConfigurationList = 41ADD0EF26140DC600B19233 /* Build configuration list for PBXNativeTarget "ObjectiveCProjectUITests" */;
			buildPhases = (
				41ADD0DC26140DC600B19233 /* Sources */,
				41ADD0DD26140DC600B19233 /* Frameworks */,
				41ADD0DE26140DC600B19233 /* Resources */,
			);
			buildRules = (
			);
			dependencies = (
				41ADD0E226140DC600B19233 /* PBXTargetDependency */,
			);
			name = ObjectiveCProjectUITests;
			productName = ObjectiveCProjectUITests;
			productReference = 41ADD0E026140DC600B19233 /* ObjectiveCProjectUITests.xctest */;
			productType = "com.apple.product-type.bundle.ui-testing";
		};
/* End PBXNativeTarget section */

/* Begin PBXProject section */
		41ADD0B226140DC500B19233 /* Project object */ = {
			isa = PBXProject;
			attributes = {
				LastUpgradeCheck = 1240;
				TargetAttributes = {
					41ADD0B926140DC500B19233 = {
						CreatedOnToolsVersion = 12.4;
					};
					41ADD0D426140DC600B19233 = {
						CreatedOnToolsVersion = 12.4;
						TestTargetID = 41ADD0B926140DC500B19233;
					};
					41ADD0DF26140DC600B19233 = {
						CreatedOnToolsVersion = 12.4;
						TestTargetID = 41ADD0B926140DC500B19233;
					};
				};
			};
			buildConfigurationList = 41ADD0B526140DC500B19233 /* Build configuration list for PBXProject "ObjectiveCProject" */;
			compatibilityVersion = "Xcode 9.3";
			developmentRegion = en;
			hasScannedForEncodings = 0;
			knownRegions = (
				en,
				Base,
			);
			mainGroup = 41ADD0B126140DC500B19233;
			productRefGroup = 41ADD0BB26140DC500B19233 /* Products */;
			projectDirPath = "";
			projectRoot = "";
			targets = (
				41ADD0B926140DC500B19233 /* ObjectiveCProject */,
				41ADD0D426140DC600B19233 /* ObjectiveCProjectTests */,
				41ADD0DF26140DC600B19233 /* ObjectiveCProjectUITests */,
			);
		};
/* End PBXProject section */

/* Begin PBXResourcesBuildPhase section */
		41ADD0B826140DC500B19233 /* Resources */ = {
			isa = PBXResourcesBuildPhase;
			buildActionMask = 2147483647;
			files = (
				41ADD0CD26140DC600B19233 /* LaunchScreen.storyboard in Resources */,
				41ADD0CA26140DC600B19233 /* Assets.xcassets in Resources */,
				41ADD0C826140DC500B19233 /* Main.storyboard in Resources */,
			);
			runOnlyForDeploymentPostprocessing = 0;
		};
		41ADD0D326140DC600B19233 /* Resources */ = {
			isa = PBXResourcesBuildPhase;
			buildActionMask = 2147483647;
			files = (
			);
			runOnlyForDeploymentPostprocessing = 0;
		};
		41ADD0DE26140DC600B19233 /* Resources */ = {
			isa = PBXResourcesBuildPhase;
			buildActionMask = 2147483647;
			files = (
			);
			runOnlyForDeploymentPostprocessing = 0;
		};
/* End PBXResourcesBuildPhase section */

/* Begin PBXSourcesBuildPhase section */
		41ADD0B626140DC500B19233 /* Sources */ = {
			isa = PBXSourcesBuildPhase;
			buildActionMask = 2147483647;
			files = (
				41ADD0C526140DC500B19233 /* ViewController.m in Sources */,
				41ADD0BF26140DC500B19233 /* AppDelegate.m in Sources */,
				41ADD0D026140DC600B19233 /* main.m in Sources */,
				41ADD0C226140DC500B19233 /* SceneDelegate.m in Sources */,
			);
			runOnlyForDeploymentPostprocessing = 0;
		};
		41ADD0D126140DC600B19233 /* Sources */ = {
			isa = PBXSourcesBuildPhase;
			buildActionMask = 2147483647;
			files = (
				41ADD0DA26140DC600B19233 /* ObjectiveCProjectTests.m in Sources */,
			);
			runOnlyForDeploymentPostprocessing = 0;
		};
		41ADD0DC26140DC600B19233 /* Sources */ = {
			isa = PBXSourcesBuildPhase;
			buildActionMask = 2147483647;
			files = (
				41ADD0E526140DC600B19233 /* ObjectiveCProjectUITests.m in Sources */,
			);
			runOnlyForDeploymentPostprocessing = 0;
		};
/* End PBXSourcesBuildPhase section */

/* Begin PBXTargetDependency section */
		41ADD0D726140DC600B19233 /* PBXTargetDependency */ = {
			isa = PBXTargetDependency;
			target = 41ADD0B926140DC500B19233 /* ObjectiveCProject */;
			targetProxy = 41ADD0D626140DC600B19233 /* PBXContainerItemProxy */;
		};
		41ADD0E226140DC600B19233 /* PBXTargetDependency */ = {
			isa = PBXTargetDependency;
			target = 41ADD0B926140DC500B19233 /* ObjectiveCProject */;
			targetProxy = 41ADD0E126140DC600B19233 /* PBXContainerItemProxy */;
		};
/* End PBXTargetDependency section */

/* Begin PBXVariantGroup section */
		41ADD0C626140DC500B19233 /* Main.storyboard */ = {
			isa = PBXVariantGroup;
			children = (
				41ADD0C726140DC500B19233 /* Base */,
			);
			name = Main.storyboard;
			sourceTree = "<group>";
		};
		41ADD0CB26140DC600B19233 /* LaunchScreen.storyboard */ = {
			isa = PBXVariantGroup;
			children = (
				41ADD0CC26140DC600B19233 /* Base */,
			);
			name = LaunchScreen.storyboard;
			sourceTree = "<group>";
		};
/* End PBXVariantGroup section */

/* Begin XCBuildConfiguration section */
		41ADD0E726140DC600B19233 /* Debug */ = {
			isa = XCBuildConfiguration;
			buildSettings = {
				ALWAYS_SEARCH_USER_PATHS = NO;
				CLANG_ANALYZER_NONNULL = YES;
				CLANG_ANALYZER_NUMBER_OBJECT_CONVERSION = YES_AGGRESSIVE;
				CLANG_CXX_LANGUAGE_STANDARD = "gnu++14";
				CLANG_CXX_LIBRARY = "libc++";
				CLANG_ENABLE_MODULES = YES;
				CLANG_ENABLE_OBJC_ARC = YES;
				CLANG_ENABLE_OBJC_WEAK = YES;
				CLANG_WARN_BLOCK_CAPTURE_AUTORELEASING = YES;
				CLANG_WARN_BOOL_CONVERSION = YES;
				CLANG_WARN_COMMA = YES;
				CLANG_WARN_CONSTANT_CONVERSION = YES;
				CLANG_WARN_DEPRECATED_OBJC_IMPLEMENTATIONS = YES;
				CLANG_WARN_DIRECT_OBJC_ISA_USAGE = YES_ERROR;
				CLANG_WARN_DOCUMENTATION_COMMENTS = YES;
				CLANG_WARN_EMPTY_BODY = YES;
				CLANG_WARN_ENUM_CONVERSION = YES;
				CLANG_WARN_INFINITE_RECURSION = YES;
				CLANG_WARN_INT_CONVERSION = YES;
				CLANG_WARN_NON_LITERAL_NULL_CONVERSION = YES;
				CLANG_WARN_OBJC_IMPLICIT_RETAIN_SELF = YES;
				CLANG_WARN_OBJC_LITERAL_CONVERSION = YES;
				CLANG_WARN_OBJC_ROOT_CLASS = YES_ERROR;
				CLANG_WARN_QUOTED_INCLUDE_IN_FRAMEWORK_HEADER = YES;
				CLANG_WARN_RANGE_LOOP_ANALYSIS = YES;
				CLANG_WARN_STRICT_PROTOTYPES = YES;
				CLANG_WARN_SUSPICIOUS_MOVE = YES;
				CLANG_WARN_UNGUARDED_AVAILABILITY = YES_AGGRESSIVE;
				CLANG_WARN_UNREACHABLE_CODE = YES;
				CLANG_WARN__DUPLICATE_METHOD_MATCH = YES;
				COPY_PHASE_STRIP = NO;
				DEBUG_INFORMATION_FORMAT = dwarf;
				ENABLE_STRICT_OBJC_MSGSEND = YES;
				ENABLE_TESTABILITY = YES;
				GCC_C_LANGUAGE_STANDARD = gnu11;
				GCC_DYNAMIC_NO_PIC = NO;
				GCC_NO_COMMON_BLOCKS = YES;
				GCC_OPTIMIZATION_LEVEL = 0;
				GCC_PREPROCESSOR_DEFINITIONS = (
					"DEBUG=1",
					"$(inherited)",
				);
				GCC_WARN_64_TO_32_BIT_CONVERSION = YES;
				GCC_WARN_ABOUT_RETURN_TYPE = YES_ERROR;
				GCC_WARN_UNDECLARED_SELECTOR = YES;
				GCC_WARN_UNINITIALIZED_AUTOS = YES_AGGRESSIVE;
				GCC_WARN_UNUSED_FUNCTION = YES;
				GCC_WARN_UNUSED_VARIABLE = YES;
				IPHONEOS_DEPLOYMENT_TARGET = 14.4;
				MTL_ENABLE_DEBUG_INFO = INCLUDE_SOURCE;
				MTL_FAST_MATH = YES;
				ONLY_ACTIVE_ARCH = YES;
				SDKROOT = iphoneos;
			};
			name = Debug;
		};
		41ADD0E826140DC600B19233 /* Release */ = {
			isa = XCBuildConfiguration;
			buildSettings = {
				ALWAYS_SEARCH_USER_PATHS = NO;
				CLANG_ANALYZER_NONNULL = YES;
				CLANG_ANALYZER_NUMBER_OBJECT_CONVERSION = YES_AGGRESSIVE;
				CLANG_CXX_LANGUAGE_STANDARD = "gnu++14";
				CLANG_CXX_LIBRARY = "libc++";
				CLANG_ENABLE_MODULES = YES;
				CLANG_ENABLE_OBJC_ARC = YES;
				CLANG_ENABLE_OBJC_WEAK = YES;
				CLANG_WARN_BLOCK_CAPTURE_AUTORELEASING = YES;
				CLANG_WARN_BOOL_CONVERSION = YES;
				CLANG_WARN_COMMA = YES;
				CLANG_WARN_CONSTANT_CONVERSION = YES;
				CLANG_WARN_DEPRECATED_OBJC_IMPLEMENTATIONS = YES;
				CLANG_WARN_DIRECT_OBJC_ISA_USAGE = YES_ERROR;
				CLANG_WARN_DOCUMENTATION_COMMENTS = YES;
				CLANG_WARN_EMPTY_BODY = YES;
				CLANG_WARN_ENUM_CONVERSION = YES;
				CLANG_WARN_INFINITE_RECURSION = YES;
				CLANG_WARN_INT_CONVERSION = YES;
				CLANG_WARN_NON_LITERAL_NULL_CONVERSION = YES;
				CLANG_WARN_OBJC_IMPLICIT_RETAIN_SELF = YES;
				CLANG_WARN_OBJC_LITERAL_CONVERSION = YES;
				CLANG_WARN_OBJC_ROOT_CLASS = YES_ERROR;
				CLANG_WARN_QUOTED_INCLUDE_IN_FRAMEWORK_HEADER = YES;
				CLANG_WARN_RANGE_LOOP_ANALYSIS = YES;
				CLANG_WARN_STRICT_PROTOTYPES = YES;
				CLANG_WARN_SUSPICIOUS_MOVE = YES;
				CLANG_WARN_UNGUARDED_AVAILABILITY = YES_AGGRESSIVE;
				CLANG_WARN_UNREACHABLE_CODE = YES;
				CLANG_WARN__DUPLICATE_METHOD_MATCH = YES;
				COPY_PHASE_STRIP = NO;
				DEBUG_INFORMATION_FORMAT = "dwarf-with-dsym";
				ENABLE_NS_ASSERTIONS = NO;
				ENABLE_STRICT_OBJC_MSGSEND = YES;
				GCC_C_LANGUAGE_STANDARD = gnu11;
				GCC_NO_COMMON_BLOCKS = YES;
				GCC_WARN_64_TO_32_BIT_CONVERSION = YES;
				GCC_WARN_ABOUT_RETURN_TYPE = YES_ERROR;
				GCC_WARN_UNDECLARED_SELECTOR = YES;
				GCC_WARN_UNINITIALIZED_AUTOS = YES_AGGRESSIVE;
				GCC_WARN_UNUSED_FUNCTION = YES;
				GCC_WARN_UNUSED_VARIABLE = YES;
				IPHONEOS_DEPLOYMENT_TARGET = 14.4;
				MTL_ENABLE_DEBUG_INFO = NO;
				MTL_FAST_MATH = YES;
				SDKROOT = iphoneos;
				VALIDATE_PRODUCT = YES;
			};
			name = Release;
		};
		41ADD0EA26140DC600B19233 /* Debug */ = {
			isa = XCBuildConfiguration;
			buildSettings = {
				ASSETCATALOG_COMPILER_APPICON_NAME = AppIcon;
				ASSETCATALOG_COMPILER_GLOBAL_ACCENT_COLOR_NAME = AccentColor;
				CODE_SIGN_STYLE = Automatic;
				DEVELOPMENT_TEAM = RR65JMWDP3;
				INFOPLIST_FILE = ObjectiveCProject/Info.plist;
				LD_RUNPATH_SEARCH_PATHS = (
					"$(inherited)",
					"@executable_path/Frameworks",
				);
				PRODUCT_BUNDLE_IDENTIFIER = com.docusign.DocuSignSDK.ObjectiveCProject;
				PRODUCT_NAME = "$(TARGET_NAME)";
				TARGETED_DEVICE_FAMILY = "1,2";
			};
			name = Debug;
		};
		41ADD0EB26140DC600B19233 /* Release */ = {
			isa = XCBuildConfiguration;
			buildSettings = {
				ASSETCATALOG_COMPILER_APPICON_NAME = AppIcon;
				ASSETCATALOG_COMPILER_GLOBAL_ACCENT_COLOR_NAME = AccentColor;
				CODE_SIGN_STYLE = Automatic;
				DEVELOPMENT_TEAM = RR65JMWDP3;
				INFOPLIST_FILE = ObjectiveCProject/Info.plist;
				LD_RUNPATH_SEARCH_PATHS = (
					"$(inherited)",
					"@executable_path/Frameworks",
				);
				PRODUCT_BUNDLE_IDENTIFIER = com.docusign.DocuSignSDK.ObjectiveCProject;
				PRODUCT_NAME = "$(TARGET_NAME)";
				TARGETED_DEVICE_FAMILY = "1,2";
			};
			name = Release;
		};
		41ADD0ED26140DC600B19233 /* Debug */ = {
			isa = XCBuildConfiguration;
			buildSettings = {
				BUNDLE_LOADER = "$(TEST_HOST)";
				CODE_SIGN_STYLE = Automatic;
				DEVELOPMENT_TEAM = RR65JMWDP3;
				INFOPLIST_FILE = ObjectiveCProjectTests/Info.plist;
				IPHONEOS_DEPLOYMENT_TARGET = 14.4;
				LD_RUNPATH_SEARCH_PATHS = (
					"$(inherited)",
					"@executable_path/Frameworks",
					"@loader_path/Frameworks",
				);
				PRODUCT_BUNDLE_IDENTIFIER = com.docusign.DocuSignSDK.ObjectiveCProjectTests;
				PRODUCT_NAME = "$(TARGET_NAME)";
				TARGETED_DEVICE_FAMILY = "1,2";
				TEST_HOST = "$(BUILT_PRODUCTS_DIR)/ObjectiveCProject.app/ObjectiveCProject";
			};
			name = Debug;
		};
		41ADD0EE26140DC600B19233 /* Release */ = {
			isa = XCBuildConfiguration;
			buildSettings = {
				BUNDLE_LOADER = "$(TEST_HOST)";
				CODE_SIGN_STYLE = Automatic;
				DEVELOPMENT_TEAM = RR65JMWDP3;
				INFOPLIST_FILE = ObjectiveCProjectTests/Info.plist;
				IPHONEOS_DEPLOYMENT_TARGET = 14.4;
				LD_RUNPATH_SEARCH_PATHS = (
					"$(inherited)",
					"@executable_path/Frameworks",
					"@loader_path/Frameworks",
				);
				PRODUCT_BUNDLE_IDENTIFIER = com.docusign.DocuSignSDK.ObjectiveCProjectTests;
				PRODUCT_NAME = "$(TARGET_NAME)";
				TARGETED_DEVICE_FAMILY = "1,2";
				TEST_HOST = "$(BUILT_PRODUCTS_DIR)/ObjectiveCProject.app/ObjectiveCProject";
			};
			name = Release;
		};
		41ADD0F026140DC600B19233 /* Debug */ = {
			isa = XCBuildConfiguration;
			buildSettings = {
				CODE_SIGN_STYLE = Automatic;
				DEVELOPMENT_TEAM = RR65JMWDP3;
				INFOPLIST_FILE = ObjectiveCProjectUITests/Info.plist;
				LD_RUNPATH_SEARCH_PATHS = (
					"$(inherited)",
					"@executable_path/Frameworks",
					"@loader_path/Frameworks",
				);
				PRODUCT_BUNDLE_IDENTIFIER = com.docusign.DocuSignSDK.ObjectiveCProjectUITests;
				PRODUCT_NAME = "$(TARGET_NAME)";
				TARGETED_DEVICE_FAMILY = "1,2";
				TEST_TARGET_NAME = ObjectiveCProject;
			};
			name = Debug;
		};
		41ADD0F126140DC600B19233 /* Release */ = {
			isa = XCBuildConfiguration;
			buildSettings = {
				CODE_SIGN_STYLE = Automatic;
				DEVELOPMENT_TEAM = RR65JMWDP3;
				INFOPLIST_FILE = ObjectiveCProjectUITests/Info.plist;
				LD_RUNPATH_SEARCH_PATHS = (
					"$(inherited)",
					"@executable_path/Frameworks",
					"@loader_path/Frameworks",
				);
				PRODUCT_BUNDLE_IDENTIFIER = com.docusign.DocuSignSDK.ObjectiveCProjectUITests;
				PRODUCT_NAME = "$(TARGET_NAME)";
				TARGETED_DEVICE_FAMILY = "1,2";
				TEST_TARGET_NAME = ObjectiveCProject;
			};
			name = Release;
		};
/* End XCBuildConfiguration section */

/* Begin XCConfigurationList section */
		41ADD0B526140DC500B19233 /* Build configuration list for PBXProject "ObjectiveCProject" */ = {
			isa = XCConfigurationList;
			buildConfigurations = (
				41ADD0E726140DC600B19233 /* Debug */,
				41ADD0E826140DC600B19233 /* Release */,
			);
			defaultConfigurationIsVisible = 0;
			defaultConfigurationName = Release;
		};
		41ADD0E926140DC600B19233 /* Build configuration list for PBXNativeTarget "ObjectiveCProject" */ = {
			isa = XCConfigurationList;
			buildConfigurations = (
				41ADD0EA26140DC600B19233 /* Debug */,
				41ADD0EB26140DC600B19233 /* Release */,
			);
			defaultConfigurationIsVisible = 0;
			defaultConfigurationName = Release;
		};
		41ADD0EC26140DC600B19233 /* Build configuration list for PBXNativeTarget "ObjectiveCProjectTests" */ = {
			isa = XCConfigurationList;
			buildConfigurations = (
				41ADD0ED26140DC600B19233 /* Debug */,
				41ADD0EE26140DC600B19233 /* Release */,
			);
			defaultConfigurationIsVisible = 0;
			defaultConfigurationName = Release;
		};
		41ADD0EF26140DC600B19233 /* Build configuration list for PBXNativeTarget "ObjectiveCProjectUITests" */ = {
			isa = XCConfigurationList;
			buildConfigurations = (
				41ADD0F026140DC600B19233 /* Debug */,
				41ADD0F126140DC600B19233 /* Release */,
			);
			defaultConfigurationIsVisible = 0;
			defaultConfigurationName = Release;
		};
/* End XCConfigurationList section */
	};
	rootObject = 41ADD0B226140DC500B19233 /* Project object */;
}
