// !$*UTF8*$!
{
	archiveVersion = 1;
	classes = {
	};
	objectVersion = 52;
	objects = {

/* Begin PBXBuildFile section */
		4102BB742615488E008B11DF /* AppDelegate.swift in Sources */ = {isa = PBXBuildFile; fileRef = 4102BB732615488E008B11DF /* AppDelegate.swift */; };
		4102BB762615488E008B11DF /* SceneDelegate.swift in Sources */ = {isa = PBXBuildFile; fileRef = 4102BB752615488E008B11DF /* SceneDelegate.swift */; };
		4102BB782615488E008B11DF /* ViewController.swift in Sources */ = {isa = PBXBuildFile; fileRef = 4102BB772615488E008B11DF /* ViewController.swift */; };
		4102BB7B2615488E008B11DF /* Main.storyboard in Resources */ = {isa = PBXBuildFile; fileRef = 4102BB792615488E008B11DF /* Main.storyboard */; };
		4102BB7D2615488F008B11DF /* Assets.xcassets in Resources */ = {isa = PBXBuildFile; fileRef = 4102BB7C2615488F008B11DF /* Assets.xcassets */; };
		4102BB802615488F008B11DF /* LaunchScreen.storyboard in Resources */ = {isa = PBXBuildFile; fileRef = 4102BB7E2615488F008B11DF /* LaunchScreen.storyboard */; };
		4102BB8B26154890008B11DF /* SwiftProjectTests.swift in Sources */ = {isa = PBXBuildFile; fileRef = 4102BB8A26154890008B11DF /* SwiftProjectTests.swift */; };
		4102BB9626154890008B11DF /* SwiftProjectUITests.swift in Sources */ = {isa = PBXBuildFile; fileRef = 4102BB9526154890008B11DF /* SwiftProjectUITests.swift */; };
		4102BBAC261548DD008B11DF /* ObjectiveCFramework.xcframework in Frameworks */ = {isa = PBXBuildFile; fileRef = 4102BBAB261548DD008B11DF /* ObjectiveCFramework.xcframework */; };
		4102BBAD261548DD008B11DF /* ObjectiveCFramework.xcframework in Embed Frameworks */ = {isa = PBXBuildFile; fileRef = 4102BBAB261548DD008B11DF /* ObjectiveCFramework.xcframework */; settings = {ATTRIBUTES = (CodeSignOnCopy, RemoveHeadersOnCopy, ); }; };
/* End PBXBuildFile section */

/* Begin PBXContainerItemProxy section */
		4102BB8726154890008B11DF /* PBXContainerItemProxy */ = {
			isa = PBXContainerItemProxy;
			containerPortal = 4102BB682615488E008B11DF /* Project object */;
			proxyType = 1;
			remoteGlobalIDString = 4102BB6F2615488E008B11DF;
			remoteInfo = SwiftProject;
		};
		4102BB9226154890008B11DF /* PBXContainerItemProxy */ = {
			isa = PBXContainerItemProxy;
			containerPortal = 4102BB682615488E008B11DF /* Project object */;
			proxyType = 1;
			remoteGlobalIDString = 4102BB6F2615488E008B11DF;
			remoteInfo = SwiftProject;
		};
/* End PBXContainerItemProxy section */

/* Begin PBXCopyFilesBuildPhase section */
		4102BBAE261548DE008B11DF /* Embed Frameworks */ = {
			isa = PBXCopyFilesBuildPhase;
			buildActionMask = 2147483647;
			dstPath = "";
			dstSubfolderSpec = 10;
			files = (
				4102BBAD261548DD008B11DF /* ObjectiveCFramework.xcframework in Embed Frameworks */,
			);
			name = "Embed Frameworks";
			runOnlyForDeploymentPostprocessing = 0;
		};
/* End PBXCopyFilesBuildPhase section */

/* Begin PBXFileReference section */
		4102BB702615488E008B11DF /* SwiftProject.app */ = {isa = PBXFileReference; explicitFileType = wrapper.application; includeInIndex = 0; path = SwiftProject.app; sourceTree = BUILT_PRODUCTS_DIR; };
		4102BB732615488E008B11DF /* AppDelegate.swift */ = {isa = PBXFileReference; lastKnownFileType = sourcecode.swift; path = AppDelegate.swift; sourceTree = "<group>"; };
		4102BB752615488E008B11DF /* SceneDelegate.swift */ = {isa = PBXFileReference; lastKnownFileType = sourcecode.swift; path = SceneDelegate.swift; sourceTree = "<group>"; };
		4102BB772615488E008B11DF /* ViewController.swift */ = {isa = PBXFileReference; lastKnownFileType = sourcecode.swift; path = ViewController.swift; sourceTree = "<group>"; };
		4102BB7A2615488E008B11DF /* Base */ = {isa = PBXFileReference; lastKnownFileType = file.storyboard; name = Base; path = Base.lproj/Main.storyboard; sourceTree = "<group>"; };
		4102BB7C2615488F008B11DF /* Assets.xcassets */ = {isa = PBXFileReference; lastKnownFileType = folder.assetcatalog; path = Assets.xcassets; sourceTree = "<group>"; };
		4102BB7F2615488F008B11DF /* Base */ = {isa = PBXFileReference; lastKnownFileType = file.storyboard; name = Base; path = Base.lproj/LaunchScreen.storyboard; sourceTree = "<group>"; };
		4102BB812615488F008B11DF /* Info.plist */ = {isa = PBXFileReference; lastKnownFileType = text.plist.xml; path = Info.plist; sourceTree = "<group>"; };
		4102BB8626154890008B11DF /* SwiftProjectTests.xctest */ = {isa = PBXFileReference; explicitFileType = wrapper.cfbundle; includeInIndex = 0; path = SwiftProjectTests.xctest; sourceTree = BUILT_PRODUCTS_DIR; };
		4102BB8A26154890008B11DF /* SwiftProjectTests.swift */ = {isa = PBXFileReference; lastKnownFileType = sourcecode.swift; path = SwiftProjectTests.swift; sourceTree = "<group>"; };
		4102BB8C26154890008B11DF /* Info.plist */ = {isa = PBXFileReference; lastKnownFileType = text.plist.xml; path = Info.plist; sourceTree = "<group>"; };
		4102BB9126154890008B11DF /* SwiftProjectUITests.xctest */ = {isa = PBXFileReference; explicitFileType = wrapper.cfbundle; includeInIndex = 0; path = SwiftProjectUITests.xctest; sourceTree = BUILT_PRODUCTS_DIR; };
		4102BB9526154890008B11DF /* SwiftProjectUITests.swift */ = {isa = PBXFileReference; lastKnownFileType = sourcecode.swift; path = SwiftProjectUITests.swift; sourceTree = "<group>"; };
		4102BB9726154890008B11DF /* Info.plist */ = {isa = PBXFileReference; lastKnownFileType = text.plist.xml; path = Info.plist; sourceTree = "<group>"; };
		4102BBA7261548B2008B11DF /* ObjectiveCFramework.framework */ = {isa = PBXFileReference; explicitFileType = wrapper.framework; path = ObjectiveCFramework.framework; sourceTree = BUILT_PRODUCTS_DIR; };
		4102BBAB261548DD008B11DF /* ObjectiveCFramework.xcframework */ = {isa = PBXFileReference; lastKnownFileType = wrapper.xcframework; name = ObjectiveCFramework.xcframework; path = ../archives/ObjectiveCFramework.xcframework; sourceTree = "<group>"; };
/* End PBXFileReference section */

/* Begin PBXFrameworksBuildPhase section */
		4102BB6D2615488E008B11DF /* Frameworks */ = {
			isa = PBXFrameworksBuildPhase;
			buildActionMask = 2147483647;
			files = (
				4102BBAC261548DD008B11DF /* ObjectiveCFramework.xcframework in Frameworks */,
			);
			runOnlyForDeploymentPostprocessing = 0;
		};
		4102BB8326154890008B11DF /* Frameworks */ = {
			isa = PBXFrameworksBuildPhase;
			buildActionMask = 2147483647;
			files = (
			);
			runOnlyForDeploymentPostprocessing = 0;
		};
		4102BB8E26154890008B11DF /* Frameworks */ = {
			isa = PBXFrameworksBuildPhase;
			buildActionMask = 2147483647;
			files = (
			);
			runOnlyForDeploymentPostprocessing = 0;
		};
/* End PBXFrameworksBuildPhase section */

/* Begin PBXGroup section */
		4102BB672615488E008B11DF = {
			isa = PBXGroup;
			children = (
				4102BB722615488E008B11DF /* SwiftProject */,
				4102BB8926154890008B11DF /* SwiftProjectTests */,
				4102BB9426154890008B11DF /* SwiftProjectUITests */,
				4102BB712615488E008B11DF /* Products */,
				4102BBA6261548B2008B11DF /* Frameworks */,
			);
			sourceTree = "<group>";
		};
		4102BB712615488E008B11DF /* Products */ = {
			isa = PBXGroup;
			children = (
				4102BB702615488E008B11DF /* SwiftProject.app */,
				4102BB8626154890008B11DF /* SwiftProjectTests.xctest */,
				4102BB9126154890008B11DF /* SwiftProjectUITests.xctest */,
			);
			name = Products;
			sourceTree = "<group>";
		};
		4102BB722615488E008B11DF /* SwiftProject */ = {
			isa = PBXGroup;
			children = (
				4102BB732615488E008B11DF /* AppDelegate.swift */,
				4102BB752615488E008B11DF /* SceneDelegate.swift */,
				4102BB772615488E008B11DF /* ViewController.swift */,
				4102BB792615488E008B11DF /* Main.storyboard */,
				4102BB7C2615488F008B11DF /* Assets.xcassets */,
				4102BB7E2615488F008B11DF /* LaunchScreen.storyboard */,
				4102BB812615488F008B11DF /* Info.plist */,
			);
			path = SwiftProject;
			sourceTree = "<group>";
		};
		4102BB8926154890008B11DF /* SwiftProjectTests */ = {
			isa = PBXGroup;
			children = (
				4102BB8A26154890008B11DF /* SwiftProjectTests.swift */,
				4102BB8C26154890008B11DF /* Info.plist */,
			);
			path = SwiftProjectTests;
			sourceTree = "<group>";
		};
		4102BB9426154890008B11DF /* SwiftProjectUITests */ = {
			isa = PBXGroup;
			children = (
				4102BB9526154890008B11DF /* SwiftProjectUITests.swift */,
				4102BB9726154890008B11DF /* Info.plist */,
			);
			path = SwiftProjectUITests;
			sourceTree = "<group>";
		};
		4102BBA6261548B2008B11DF /* Frameworks */ = {
			isa = PBXGroup;
			children = (
				4102BBAB261548DD008B11DF /* ObjectiveCFramework.xcframework */,
				4102BBA7261548B2008B11DF /* ObjectiveCFramework.framework */,
			);
			name = Frameworks;
			sourceTree = "<group>";
		};
/* End PBXGroup section */

/* Begin PBXNativeTarget section */
		4102BB6F2615488E008B11DF /* SwiftProject */ = {
			isa = PBXNativeTarget;
			buildConfigurationList = 4102BB9A26154890008B11DF /* Build configuration list for PBXNativeTarget "SwiftProject" */;
			buildPhases = (
				4102BB6C2615488E008B11DF /* Sources */,
				4102BB6D2615488E008B11DF /* Frameworks */,
				4102BB6E2615488E008B11DF /* Resources */,
				4102BBAE261548DE008B11DF /* Embed Frameworks */,
			);
			buildRules = (
			);
			dependencies = (
			);
			name = SwiftProject;
			productName = SwiftProject;
			productReference = 4102BB702615488E008B11DF /* SwiftProject.app */;
			productType = "com.apple.product-type.application";
		};
		4102BB8526154890008B11DF /* SwiftProjectTests */ = {
			isa = PBXNativeTarget;
			buildConfigurationList = 4102BB9D26154890008B11DF /* Build configuration list for PBXNativeTarget "SwiftProjectTests" */;
			buildPhases = (
				4102BB8226154890008B11DF /* Sources */,
				4102BB8326154890008B11DF /* Frameworks */,
				4102BB8426154890008B11DF /* Resources */,
			);
			buildRules = (
			);
			dependencies = (
				4102BB8826154890008B11DF /* PBXTargetDependency */,
			);
			name = SwiftProjectTests;
			productName = SwiftProjectTests;
			productReference = 4102BB8626154890008B11DF /* SwiftProjectTests.xctest */;
			productType = "com.apple.product-type.bundle.unit-test";
		};
		4102BB9026154890008B11DF /* SwiftProjectUITests */ = {
			isa = PBXNativeTarget;
			buildConfigurationList = 4102BBA026154890008B11DF /* Build configuration list for PBXNativeTarget "SwiftProjectUITests" */;
			buildPhases = (
				4102BB8D26154890008B11DF /* Sources */,
				4102BB8E26154890008B11DF /* Frameworks */,
				4102BB8F26154890008B11DF /* Resources */,
			);
			buildRules = (
			);
			dependencies = (
				4102BB9326154890008B11DF /* PBXTargetDependency */,
			);
			name = SwiftProjectUITests;
			productName = SwiftProjectUITests;
			productReference = 4102BB9126154890008B11DF /* SwiftProjectUITests.xctest */;
			productType = "com.apple.product-type.bundle.ui-testing";
		};
/* End PBXNativeTarget section */

/* Begin PBXProject section */
		4102BB682615488E008B11DF /* Project object */ = {
			isa = PBXProject;
			attributes = {
				LastSwiftUpdateCheck = 1240;
				LastUpgradeCheck = 1240;
				TargetAttributes = {
					4102BB6F2615488E008B11DF = {
						CreatedOnToolsVersion = 12.4;
					};
					4102BB8526154890008B11DF = {
						CreatedOnToolsVersion = 12.4;
						TestTargetID = 4102BB6F2615488E008B11DF;
					};
					4102BB9026154890008B11DF = {
						CreatedOnToolsVersion = 12.4;
						TestTargetID = 4102BB6F2615488E008B11DF;
					};
				};
			};
			buildConfigurationList = 4102BB6B2615488E008B11DF /* Build configuration list for PBXProject "SwiftProject" */;
			compatibilityVersion = "Xcode 9.3";
			developmentRegion = en;
			hasScannedForEncodings = 0;
			knownRegions = (
				en,
				Base,
			);
			mainGroup = 4102BB672615488E008B11DF;
			productRefGroup = 4102BB712615488E008B11DF /* Products */;
			projectDirPath = "";
			projectRoot = "";
			targets = (
				4102BB6F2615488E008B11DF /* SwiftProject */,
				4102BB8526154890008B11DF /* SwiftProjectTests */,
				4102BB9026154890008B11DF /* SwiftProjectUITests */,
			);
		};
/* End PBXProject section */

/* Begin PBXResourcesBuildPhase section */
		4102BB6E2615488E008B11DF /* Resources */ = {
			isa = PBXResourcesBuildPhase;
			buildActionMask = 2147483647;
			files = (
				4102BB802615488F008B11DF /* LaunchScreen.storyboard in Resources */,
				4102BB7D2615488F008B11DF /* Assets.xcassets in Resources */,
				4102BB7B2615488E008B11DF /* Main.storyboard in Resources */,
			);
			runOnlyForDeploymentPostprocessing = 0;
		};
		4102BB8426154890008B11DF /* Resources */ = {
			isa = PBXResourcesBuildPhase;
			buildActionMask = 2147483647;
			files = (
			);
			runOnlyForDeploymentPostprocessing = 0;
		};
		4102BB8F26154890008B11DF /* Resources */ = {
			isa = PBXResourcesBuildPhase;
			buildActionMask = 2147483647;
			files = (
			);
			runOnlyForDeploymentPostprocessing = 0;
		};
/* End PBXResourcesBuildPhase section */

/* Begin PBXSourcesBuildPhase section */
		4102BB6C2615488E008B11DF /* Sources */ = {
			isa = PBXSourcesBuildPhase;
			buildActionMask = 2147483647;
			files = (
				4102BB782615488E008B11DF /* ViewController.swift in Sources */,
				4102BB742615488E008B11DF /* AppDelegate.swift in Sources */,
				4102BB762615488E008B11DF /* SceneDelegate.swift in Sources */,
			);
			runOnlyForDeploymentPostprocessing = 0;
		};
		4102BB8226154890008B11DF /* Sources */ = {
			isa = PBXSourcesBuildPhase;
			buildActionMask = 2147483647;
			files = (
				4102BB8B26154890008B11DF /* SwiftProjectTests.swift in Sources */,
			);
			runOnlyForDeploymentPostprocessing = 0;
		};
		4102BB8D26154890008B11DF /* Sources */ = {
			isa = PBXSourcesBuildPhase;
			buildActionMask = 2147483647;
			files = (
				4102BB9626154890008B11DF /* SwiftProjectUITests.swift in Sources */,
			);
			runOnlyForDeploymentPostprocessing = 0;
		};
/* End PBXSourcesBuildPhase section */

/* Begin PBXTargetDependency section */
		4102BB8826154890008B11DF /* PBXTargetDependency */ = {
			isa = PBXTargetDependency;
			target = 4102BB6F2615488E008B11DF /* SwiftProject */;
			targetProxy = 4102BB8726154890008B11DF /* PBXContainerItemProxy */;
		};
		4102BB9326154890008B11DF /* PBXTargetDependency */ = {
			isa = PBXTargetDependency;
			target = 4102BB6F2615488E008B11DF /* SwiftProject */;
			targetProxy = 4102BB9226154890008B11DF /* PBXContainerItemProxy */;
		};
/* End PBXTargetDependency section */

/* Begin PBXVariantGroup section */
		4102BB792615488E008B11DF /* Main.storyboard */ = {
			isa = PBXVariantGroup;
			children = (
				4102BB7A2615488E008B11DF /* Base */,
			);
			name = Main.storyboard;
			sourceTree = "<group>";
		};
		4102BB7E2615488F008B11DF /* LaunchScreen.storyboard */ = {
			isa = PBXVariantGroup;
			children = (
				4102BB7F2615488F008B11DF /* Base */,
			);
			name = LaunchScreen.storyboard;
			sourceTree = "<group>";
		};
/* End PBXVariantGroup section */

/* Begin XCBuildConfiguration section */
		4102BB9826154890008B11DF /* Debug */ = {
			isa = XCBuildConfiguration;
			buildSettings = {
				ALWAYS_SEARCH_USER_PATHS = NO;
				CLANG_ANALYZER_NONNULL = YES;
				CLANG_ANALYZER_NUMBER_OBJECT_CONVERSION = YES_AGGRESSIVE;
				CLANG_CXX_LANGUAGE_STANDARD = "gnu++14";
				CLANG_CXX_LIBRARY = "libc++";
				CLANG_ENABLE_MODULES = YES;
				CLANG_ENABLE_OBJC_ARC = YES;
				CLANG_ENABLE_OBJC_WEAK = YES;
				CLANG_WARN_BLOCK_CAPTURE_AUTORELEASING = YES;
				CLANG_WARN_BOOL_CONVERSION = YES;
				CLANG_WARN_COMMA = YES;
				CLANG_WARN_CONSTANT_CONVERSION = YES;
				CLANG_WARN_DEPRECATED_OBJC_IMPLEMENTATIONS = YES;
				CLANG_WARN_DIRECT_OBJC_ISA_USAGE = YES_ERROR;
				CLANG_WARN_DOCUMENTATION_COMMENTS = YES;
				CLANG_WARN_EMPTY_BODY = YES;
				CLANG_WARN_ENUM_CONVERSION = YES;
				CLANG_WARN_INFINITE_RECURSION = YES;
				CLANG_WARN_INT_CONVERSION = YES;
				CLANG_WARN_NON_LITERAL_NULL_CONVERSION = YES;
				CLANG_WARN_OBJC_IMPLICIT_RETAIN_SELF = YES;
				CLANG_WARN_OBJC_LITERAL_CONVERSION = YES;
				CLANG_WARN_OBJC_ROOT_CLASS = YES_ERROR;
				CLANG_WARN_QUOTED_INCLUDE_IN_FRAMEWORK_HEADER = YES;
				CLANG_WARN_RANGE_LOOP_ANALYSIS = YES;
				CLANG_WARN_STRICT_PROTOTYPES = YES;
				CLANG_WARN_SUSPICIOUS_MOVE = YES;
				CLANG_WARN_UNGUARDED_AVAILABILITY = YES_AGGRESSIVE;
				CLANG_WARN_UNREACHABLE_CODE = YES;
				CLANG_WARN__DUPLICATE_METHOD_MATCH = YES;
				COPY_PHASE_STRIP = NO;
				DEBUG_INFORMATION_FORMAT = dwarf;
				ENABLE_STRICT_OBJC_MSGSEND = YES;
				ENABLE_TESTABILITY = YES;
				GCC_C_LANGUAGE_STANDARD = gnu11;
				GCC_DYNAMIC_NO_PIC = NO;
				GCC_NO_COMMON_BLOCKS = YES;
				GCC_OPTIMIZATION_LEVEL = 0;
				GCC_PREPROCESSOR_DEFINITIONS = (
					"DEBUG=1",
					"$(inherited)",
				);
				GCC_WARN_64_TO_32_BIT_CONVERSION = YES;
				GCC_WARN_ABOUT_RETURN_TYPE = YES_ERROR;
				GCC_WARN_UNDECLARED_SELECTOR = YES;
				GCC_WARN_UNINITIALIZED_AUTOS = YES_AGGRESSIVE;
				GCC_WARN_UNUSED_FUNCTION = YES;
				GCC_WARN_UNUSED_VARIABLE = YES;
				IPHONEOS_DEPLOYMENT_TARGET = 14.4;
				MTL_ENABLE_DEBUG_INFO = INCLUDE_SOURCE;
				MTL_FAST_MATH = YES;
				ONLY_ACTIVE_ARCH = YES;
				SDKROOT = iphoneos;
				SWIFT_ACTIVE_COMPILATION_CONDITIONS = DEBUG;
				SWIFT_OPTIMIZATION_LEVEL = "-Onone";
			};
			name = Debug;
		};
		4102BB9926154890008B11DF /* Release */ = {
			isa = XCBuildConfiguration;
			buildSettings = {
				ALWAYS_SEARCH_USER_PATHS = NO;
				CLANG_ANALYZER_NONNULL = YES;
				CLANG_ANALYZER_NUMBER_OBJECT_CONVERSION = YES_AGGRESSIVE;
				CLANG_CXX_LANGUAGE_STANDARD = "gnu++14";
				CLANG_CXX_LIBRARY = "libc++";
				CLANG_ENABLE_MODULES = YES;
				CLANG_ENABLE_OBJC_ARC = YES;
				CLANG_ENABLE_OBJC_WEAK = YES;
				CLANG_WARN_BLOCK_CAPTURE_AUTORELEASING = YES;
				CLANG_WARN_BOOL_CONVERSION = YES;
				CLANG_WARN_COMMA = YES;
				CLANG_WARN_CONSTANT_CONVERSION = YES;
				CLANG_WARN_DEPRECATED_OBJC_IMPLEMENTATIONS = YES;
				CLANG_WARN_DIRECT_OBJC_ISA_USAGE = YES_ERROR;
				CLANG_WARN_DOCUMENTATION_COMMENTS = YES;
				CLANG_WARN_EMPTY_BODY = YES;
				CLANG_WARN_ENUM_CONVERSION = YES;
				CLANG_WARN_INFINITE_RECURSION = YES;
				CLANG_WARN_INT_CONVERSION = YES;
				CLANG_WARN_NON_LITERAL_NULL_CONVERSION = YES;
				CLANG_WARN_OBJC_IMPLICIT_RETAIN_SELF = YES;
				CLANG_WARN_OBJC_LITERAL_CONVERSION = YES;
				CLANG_WARN_OBJC_ROOT_CLASS = YES_ERROR;
				CLANG_WARN_QUOTED_INCLUDE_IN_FRAMEWORK_HEADER = YES;
				CLANG_WARN_RANGE_LOOP_ANALYSIS = YES;
				CLANG_WARN_STRICT_PROTOTYPES = YES;
				CLANG_WARN_SUSPICIOUS_MOVE = YES;
				CLANG_WARN_UNGUARDED_AVAILABILITY = YES_AGGRESSIVE;
				CLANG_WARN_UNREACHABLE_CODE = YES;
				CLANG_WARN__DUPLICATE_METHOD_MATCH = YES;
				COPY_PHASE_STRIP = NO;
				DEBUG_INFORMATION_FORMAT = "dwarf-with-dsym";
				ENABLE_NS_ASSERTIONS = NO;
				ENABLE_STRICT_OBJC_MSGSEND = YES;
				GCC_C_LANGUAGE_STANDARD = gnu11;
				GCC_NO_COMMON_BLOCKS = YES;
				GCC_WARN_64_TO_32_BIT_CONVERSION = YES;
				GCC_WARN_ABOUT_RETURN_TYPE = YES_ERROR;
				GCC_WARN_UNDECLARED_SELECTOR = YES;
				GCC_WARN_UNINITIALIZED_AUTOS = YES_AGGRESSIVE;
				GCC_WARN_UNUSED_FUNCTION = YES;
				GCC_WARN_UNUSED_VARIABLE = YES;
				IPHONEOS_DEPLOYMENT_TARGET = 14.4;
				MTL_ENABLE_DEBUG_INFO = NO;
				MTL_FAST_MATH = YES;
				SDKROOT = iphoneos;
				SWIFT_COMPILATION_MODE = wholemodule;
				SWIFT_OPTIMIZATION_LEVEL = "-O";
				VALIDATE_PRODUCT = YES;
			};
			name = Release;
		};
		4102BB9B26154890008B11DF /* Debug */ = {
			isa = XCBuildConfiguration;
			buildSettings = {
				ASSETCATALOG_COMPILER_APPICON_NAME = AppIcon;
				ASSETCATALOG_COMPILER_GLOBAL_ACCENT_COLOR_NAME = AccentColor;
				CODE_SIGN_STYLE = Automatic;
				DEVELOPMENT_TEAM = RR65JMWDP3;
				INFOPLIST_FILE = SwiftProject/Info.plist;
				LD_RUNPATH_SEARCH_PATHS = (
					"$(inherited)",
					"@executable_path/Frameworks",
				);
				PRODUCT_BUNDLE_IDENTIFIER = com.docusign.DocuSignSDK.SwiftProject;
				PRODUCT_NAME = "$(TARGET_NAME)";
				SWIFT_VERSION = 5.0;
				TARGETED_DEVICE_FAMILY = "1,2";
			};
			name = Debug;
		};
		4102BB9C26154890008B11DF /* Release */ = {
			isa = XCBuildConfiguration;
			buildSettings = {
				ASSETCATALOG_COMPILER_APPICON_NAME = AppIcon;
				ASSETCATALOG_COMPILER_GLOBAL_ACCENT_COLOR_NAME = AccentColor;
				CODE_SIGN_STYLE = Automatic;
				DEVELOPMENT_TEAM = RR65JMWDP3;
				INFOPLIST_FILE = SwiftProject/Info.plist;
				LD_RUNPATH_SEARCH_PATHS = (
					"$(inherited)",
					"@executable_path/Frameworks",
				);
				PRODUCT_BUNDLE_IDENTIFIER = com.docusign.DocuSignSDK.SwiftProject;
				PRODUCT_NAME = "$(TARGET_NAME)";
				SWIFT_VERSION = 5.0;
				TARGETED_DEVICE_FAMILY = "1,2";
			};
			name = Release;
		};
		4102BB9E26154890008B11DF /* Debug */ = {
			isa = XCBuildConfiguration;
			buildSettings = {
				ALWAYS_EMBED_SWIFT_STANDARD_LIBRARIES = YES;
				BUNDLE_LOADER = "$(TEST_HOST)";
				CODE_SIGN_STYLE = Automatic;
				DEVELOPMENT_TEAM = RR65JMWDP3;
				INFOPLIST_FILE = SwiftProjectTests/Info.plist;
				IPHONEOS_DEPLOYMENT_TARGET = 14.4;
				LD_RUNPATH_SEARCH_PATHS = (
					"$(inherited)",
					"@executable_path/Frameworks",
					"@loader_path/Frameworks",
				);
				PRODUCT_BUNDLE_IDENTIFIER = com.docusign.DocuSignSDK.SwiftProjectTests;
				PRODUCT_NAME = "$(TARGET_NAME)";
				SWIFT_VERSION = 5.0;
				TARGETED_DEVICE_FAMILY = "1,2";
				TEST_HOST = "$(BUILT_PRODUCTS_DIR)/SwiftProject.app/SwiftProject";
			};
			name = Debug;
		};
		4102BB9F26154890008B11DF /* Release */ = {
			isa = XCBuildConfiguration;
			buildSettings = {
				ALWAYS_EMBED_SWIFT_STANDARD_LIBRARIES = YES;
				BUNDLE_LOADER = "$(TEST_HOST)";
				CODE_SIGN_STYLE = Automatic;
				DEVELOPMENT_TEAM = RR65JMWDP3;
				INFOPLIST_FILE = SwiftProjectTests/Info.plist;
				IPHONEOS_DEPLOYMENT_TARGET = 14.4;
				LD_RUNPATH_SEARCH_PATHS = (
					"$(inherited)",
					"@executable_path/Frameworks",
					"@loader_path/Frameworks",
				);
				PRODUCT_BUNDLE_IDENTIFIER = com.docusign.DocuSignSDK.SwiftProjectTests;
				PRODUCT_NAME = "$(TARGET_NAME)";
				SWIFT_VERSION = 5.0;
				TARGETED_DEVICE_FAMILY = "1,2";
				TEST_HOST = "$(BUILT_PRODUCTS_DIR)/SwiftProject.app/SwiftProject";
			};
			name = Release;
		};
		4102BBA126154890008B11DF /* Debug */ = {
			isa = XCBuildConfiguration;
			buildSettings = {
				ALWAYS_EMBED_SWIFT_STANDARD_LIBRARIES = YES;
				CODE_SIGN_STYLE = Automatic;
				DEVELOPMENT_TEAM = RR65JMWDP3;
				INFOPLIST_FILE = SwiftProjectUITests/Info.plist;
				LD_RUNPATH_SEARCH_PATHS = (
					"$(inherited)",
					"@executable_path/Frameworks",
					"@loader_path/Frameworks",
				);
				PRODUCT_BUNDLE_IDENTIFIER = com.docusign.DocuSignSDK.SwiftProjectUITests;
				PRODUCT_NAME = "$(TARGET_NAME)";
				SWIFT_VERSION = 5.0;
				TARGETED_DEVICE_FAMILY = "1,2";
				TEST_TARGET_NAME = SwiftProject;
			};
			name = Debug;
		};
		4102BBA226154890008B11DF /* Release */ = {
			isa = XCBuildConfiguration;
			buildSettings = {
				ALWAYS_EMBED_SWIFT_STANDARD_LIBRARIES = YES;
				CODE_SIGN_STYLE = Automatic;
				DEVELOPMENT_TEAM = RR65JMWDP3;
				INFOPLIST_FILE = SwiftProjectUITests/Info.plist;
				LD_RUNPATH_SEARCH_PATHS = (
					"$(inherited)",
					"@executable_path/Frameworks",
					"@loader_path/Frameworks",
				);
				PRODUCT_BUNDLE_IDENTIFIER = com.docusign.DocuSignSDK.SwiftProjectUITests;
				PRODUCT_NAME = "$(TARGET_NAME)";
				SWIFT_VERSION = 5.0;
				TARGETED_DEVICE_FAMILY = "1,2";
				TEST_TARGET_NAME = SwiftProject;
			};
			name = Release;
		};
/* End XCBuildConfiguration section */

/* Begin XCConfigurationList section */
		4102BB6B2615488E008B11DF /* Build configuration list for PBXProject "SwiftProject" */ = {
			isa = XCConfigurationList;
			buildConfigurations = (
				4102BB9826154890008B11DF /* Debug */,
				4102BB9926154890008B11DF /* Release */,
			);
			defaultConfigurationIsVisible = 0;
			defaultConfigurationName = Release;
		};
		4102BB9A26154890008B11DF /* Build configuration list for PBXNativeTarget "SwiftProject" */ = {
			isa = XCConfigurationList;
			buildConfigurations = (
				4102BB9B26154890008B11DF /* Debug */,
				4102BB9C26154890008B11DF /* Release */,
			);
			defaultConfigurationIsVisible = 0;
			defaultConfigurationName = Release;
		};
		4102BB9D26154890008B11DF /* Build configuration list for PBXNativeTarget "SwiftProjectTests" */ = {
			isa = XCConfigurationList;
			buildConfigurations = (
				4102BB9E26154890008B11DF /* Debug */,
				4102BB9F26154890008B11DF /* Release */,
			);
			defaultConfigurationIsVisible = 0;
			defaultConfigurationName = Release;
		};
		4102BBA026154890008B11DF /* Build configuration list for PBXNativeTarget "SwiftProjectUITests" */ = {
			isa = XCConfigurationList;
			buildConfigurations = (
				4102BBA126154890008B11DF /* Debug */,
				4102BBA226154890008B11DF /* Release */,
			);
			defaultConfigurationIsVisible = 0;
			defaultConfigurationName = Release;
		};
/* End XCConfigurationList section */
	};
	rootObject = 4102BB682615488E008B11DF /* Project object */;
}
